
Microsoft Visual Studio Solution File, Format Version 12.00
# Visual Studio Version 17
VisualStudioVersion = 17.12.35707.178 d17.12
MinimumVisualStudioVersion = 10.0.40219.1
Project("{8BC9CEB8-8B4A-11D0-8D11-00A0C91BC942}") = "Pointers", "Pointers\Pointers.vcxproj", "{981873D2-45C4-4EAA-BF7C-BC4000A509CF}"
EndProject
Project("{8BC9CEB8-8B4A-11D0-8D11-00A0C91BC942}") = "TransferParameters", "TransferParameters\TransferParameters.vcxproj", "{9605F714-0DEA-4477-8728-D07C39354291}"
EndProject
Global
	GlobalSection(SolutionConfigurationPlatforms) = preSolution
		Debug|x64 = Debug|x64
		Debug|x86 = Debug|x86
		Release|x64 = Release|x64
		Release|x86 = Release|x86
	EndGlobalSection
	GlobalSection(ProjectConfigurationPlatforms) = postSolution
		{981873D2-45C4-4EAA-BF7C-BC4000A509CF}.Debug|x64.ActiveCfg = Debug|x64
		{981873D2-45C4-4EAA-BF7C-BC4000A509CF}.Debug|x64.Build.0 = Debug|x64
		{981873D2-45C4-4EAA-BF7C-BC4000A509CF}.Debug|x86.ActiveCfg = Debug|Win32
		{981873D2-45C4-4EAA-BF7C-BC4000A509CF}.Debug|x86.Build.0 = Debug|Win32
		{981873D2-45C4-4EAA-BF7C-BC4000A509CF}.Release|x64.ActiveCfg = Release|x64
		{981873D2-45C4-4EAA-BF7C-BC4000A509CF}.Release|x64.Build.0 = Release|x64
		{981873D2-45C4-4EAA-BF7C-BC4000A509CF}.Release|x86.ActiveCfg = Release|Win32
		{981873D2-45C4-4EAA-BF7C-BC4000A509CF}.Release|x86.Build.0 = Release|Win32
		{9605F714-0DEA-4477-8728-D07C39354291}.Debug|x64.ActiveCfg = Debug|x64
		{9605F714-0DEA-4477-8728-D07C39354291}.Debug|x64.Build.0 = Debug|x64
		{9605F714-0DEA-4477-8728-D07C39354291}.Debug|x86.ActiveCfg = Debug|Win32
		{9605F714-0DEA-4477-8728-D07C39354291}.Debug|x86.Build.0 = Debug|Win32
		{9605F714-0DEA-4477-8728-D07C39354291}.Release|x64.ActiveCfg = Release|x64
		{9605F714-0DEA-4477-8728-D07C39354291}.Release|x64.Build.0 = Release|x64
		{9605F714-0DEA-4477-8728-D07C39354291}.Release|x86.ActiveCfg = Release|Win32
		{9605F714-0DEA-4477-8728-D07C39354291}.Release|x86.Build.0 = Release|Win32
	EndGlobalSection
	GlobalSection(SolutionProperties) = preSolution
		HideSolutionNode = FALSE
	EndGlobalSection
EndGlobal
